
Microsoft Visual Studio Solution File, Format Version 12.00
# Visual Studio 15
Project("{FAE04EC0-301F-11D3-BF4B-00C04F79EFBC}") = "Assembly-CSharp", "Assembly-CSharp.csproj", "{0727A3D3-2C3C-FEEA-6081-C039F6D560B9}"
EndProject
Project("{FAE04EC0-301F-11D3-BF4B-00C04F79EFBC}") = "Assembly-CSharp-firstpass", "Assembly-CSharp-firstpass.csproj", "{B62D53C5-4635-C1A7-C4F6-7B38CF319AD7}"
EndProject
Project("{FAE04EC0-301F-11D3-BF4B-00C04F79EFBC}") = "Assembly-CSharp-Editor", "Assembly-CSharp-Editor.csproj", "{38FCD70D-876C-95BE-C80C-36B322EFD197}"
EndProject
Project("{FAE04EC0-301F-11D3-BF4B-00C04F79EFBC}") = "Assembly-CSharp-Editor-firstpass", "Assembly-CSharp-Editor-firstpass.csproj", "{871CAF12-0BFC-C1E5-3F2C-C47D4E148548}"
EndProject
Global
	GlobalSection(SolutionConfigurationPlatforms) = preSolution
		Debug|Any CPU = Debug|Any CPU
		Release|Any CPU = Release|Any CPU
	EndGlobalSection
	GlobalSection(ProjectConfigurationPlatforms) = postSolution
		{0727A3D3-2C3C-FEEA-6081-C039F6D560B9}.Debug|Any CPU.ActiveCfg = Debug|Any CPU
		{0727A3D3-2C3C-FEEA-6081-C039F6D560B9}.Debug|Any CPU.Build.0 = Debug|Any CPU
		{0727A3D3-2C3C-FEEA-6081-C039F6D560B9}.Release|Any CPU.ActiveCfg = Release|Any CPU
		{0727A3D3-2C3C-FEEA-6081-C039F6D560B9}.Release|Any CPU.Build.0 = Release|Any CPU
		{B62D53C5-4635-C1A7-C4F6-7B38CF319AD7}.Debug|Any CPU.ActiveCfg = Debug|Any CPU
		{B62D53C5-4635-C1A7-C4F6-7B38CF319AD7}.Debug|Any CPU.Build.0 = Debug|Any CPU
		{B62D53C5-4635-C1A7-C4F6-7B38CF319AD7}.Release|Any CPU.ActiveCfg = Release|Any CPU
		{B62D53C5-4635-C1A7-C4F6-7B38CF319AD7}.Release|Any CPU.Build.0 = Release|Any CPU
		{38FCD70D-876C-95BE-C80C-36B322EFD197}.Debug|Any CPU.ActiveCfg = Debug|Any CPU
		{38FCD70D-876C-95BE-C80C-36B322EFD197}.Debug|Any CPU.Build.0 = Debug|Any CPU
		{38FCD70D-876C-95BE-C80C-36B322EFD197}.Release|Any CPU.ActiveCfg = Release|Any CPU
		{38FCD70D-876C-95BE-C80C-36B322EFD197}.Release|Any CPU.Build.0 = Release|Any CPU
		{871CAF12-0BFC-C1E5-3F2C-C47D4E148548}.Debug|Any CPU.ActiveCfg = Debug|Any CPU
		{871CAF12-0BFC-C1E5-3F2C-C47D4E148548}.Debug|Any CPU.Build.0 = Debug|Any CPU
		{871CAF12-0BFC-C1E5-3F2C-C47D4E148548}.Release|Any CPU.ActiveCfg = Release|Any CPU
		{871CAF12-0BFC-C1E5-3F2C-C47D4E148548}.Release|Any CPU.Build.0 = Release|Any CPU
	EndGlobalSection
	GlobalSection(SolutionProperties) = preSolution
		HideSolutionNode = FALSE
	EndGlobalSection
EndGlobal
