
Microsoft Visual Studio Solution File, Format Version 12.00
# Visual Studio 15
Project("{FAE04EC0-301F-11D3-BF4B-00C04F79EFBC}") = "Assembly-CSharp", "Assembly-CSharp.csproj", "{37A6A9DB-AF3B-4457-0762-25C7D6F840B8}"
EndProject
Project("{FAE04EC0-301F-11D3-BF4B-00C04F79EFBC}") = "Assembly-CSharp-firstpass", "Assembly-CSharp-firstpass.csproj", "{767793CD-93B4-DED5-927A-0E24F67576E8}"
EndProject
Project("{FAE04EC0-301F-11D3-BF4B-00C04F79EFBC}") = "Assembly-CSharp-Editor", "Assembly-CSharp-Editor.csproj", "{79ADF9D9-32CE-39A1-3D97-5F02A1971232}"
EndProject
Project("{FAE04EC0-301F-11D3-BF4B-00C04F79EFBC}") = "Assembly-CSharp-Editor-firstpass", "Assembly-CSharp-Editor-firstpass.csproj", "{F07412B3-FB2C-3B33-0C9D-73266E2CAB92}"
EndProject
Global
	GlobalSection(SolutionConfigurationPlatforms) = preSolution
		Debug|Any CPU = Debug|Any CPU
		Release|Any CPU = Release|Any CPU
	EndGlobalSection
	GlobalSection(ProjectConfigurationPlatforms) = postSolution
		{37A6A9DB-AF3B-4457-0762-25C7D6F840B8}.Debug|Any CPU.ActiveCfg = Debug|Any CPU
		{37A6A9DB-AF3B-4457-0762-25C7D6F840B8}.Debug|Any CPU.Build.0 = Debug|Any CPU
		{37A6A9DB-AF3B-4457-0762-25C7D6F840B8}.Release|Any CPU.ActiveCfg = Release|Any CPU
		{37A6A9DB-AF3B-4457-0762-25C7D6F840B8}.Release|Any CPU.Build.0 = Release|Any CPU
		{767793CD-93B4-DED5-927A-0E24F67576E8}.Debug|Any CPU.ActiveCfg = Debug|Any CPU
		{767793CD-93B4-DED5-927A-0E24F67576E8}.Debug|Any CPU.Build.0 = Debug|Any CPU
		{767793CD-93B4-DED5-927A-0E24F67576E8}.Release|Any CPU.ActiveCfg = Release|Any CPU
		{767793CD-93B4-DED5-927A-0E24F67576E8}.Release|Any CPU.Build.0 = Release|Any CPU
		{79ADF9D9-32CE-39A1-3D97-5F02A1971232}.Debug|Any CPU.ActiveCfg = Debug|Any CPU
		{79ADF9D9-32CE-39A1-3D97-5F02A1971232}.Debug|Any CPU.Build.0 = Debug|Any CPU
		{79ADF9D9-32CE-39A1-3D97-5F02A1971232}.Release|Any CPU.ActiveCfg = Release|Any CPU
		{79ADF9D9-32CE-39A1-3D97-5F02A1971232}.Release|Any CPU.Build.0 = Release|Any CPU
		{F07412B3-FB2C-3B33-0C9D-73266E2CAB92}.Debug|Any CPU.ActiveCfg = Debug|Any CPU
		{F07412B3-FB2C-3B33-0C9D-73266E2CAB92}.Debug|Any CPU.Build.0 = Debug|Any CPU
		{F07412B3-FB2C-3B33-0C9D-73266E2CAB92}.Release|Any CPU.ActiveCfg = Release|Any CPU
		{F07412B3-FB2C-3B33-0C9D-73266E2CAB92}.Release|Any CPU.Build.0 = Release|Any CPU
	EndGlobalSection
	GlobalSection(SolutionProperties) = preSolution
		HideSolutionNode = FALSE
	EndGlobalSection
EndGlobal
